
Microsoft Visual Studio Solution File, Format Version 12.00
# Visual Studio 15
VisualStudioVersion = 15.0.28307.1145
MinimumVisualStudioVersion = 10.0.40219.1
Project("{FAE04EC0-301F-11D3-BF4B-00C04F79EFBC}") = "EAST_AS_CENTER_HUD", "EAST_AS_CENTER_HUD\EAST_AS_CENTER_HUD.csproj", "{93857268-08F0-4612-8A00-957496B2A872}"
EndProject
Project("{FAE04EC0-301F-11D3-BF4B-00C04F79EFBC}") = "AsyncSocket", "Socket Communication\AsyncSocket\AsyncSocket.csproj", "{FBEF0024-C416-41D6-8D39-103EE7D094DC}"
EndProject
Project("{FAE04EC0-301F-11D3-BF4B-00C04F79EFBC}") = "Pylon.NETSupportLibrary", "Pylon.NETSupportLibrary\Pylon.NETSupportLibrary.csproj", "{3EAFC9F5-D49F-4F9F-86C8-FBD231B07D2E}"
EndProject
Project("{FAE04EC0-301F-11D3-BF4B-00C04F79EFBC}") = "HanseroDisplay", "HanseroDisplay\HanseroDisplay.csproj", "{D4B55ADB-C5B4-4AD7-B346-3C5DDA8FB80A}"
EndProject
Project("{FAE04EC0-301F-11D3-BF4B-00C04F79EFBC}") = "Utill", "Utill\Utill.csproj", "{72D2F3CF-AE8B-47F5-B196-753E09BF9EA0}"
EndProject
Project("{FAE04EC0-301F-11D3-BF4B-00C04F79EFBC}") = "HResult", "HResult\HResult.csproj", "{B8713365-7F9D-4755-B464-AFF76074907C}"
EndProject
Project("{FAE04EC0-301F-11D3-BF4B-00C04F79EFBC}") = "HCore", "HCore\HCore.csproj", "{C80054FB-3F85-41A3-B5C0-DF2BB6F74444}"
EndProject
Project("{FAE04EC0-301F-11D3-BF4B-00C04F79EFBC}") = "HOVLib", "HOVLib\HOVLib.csproj", "{ABF568E2-2F3F-496F-9C7C-62BADD2DD435}"
EndProject
Project("{FAE04EC0-301F-11D3-BF4B-00C04F79EFBC}") = "HControl", "HControl\HControl.csproj", "{97D7E0E4-76F9-4578-BA37-3629FBAF12E5}"
EndProject
Project("{FAE04EC0-301F-11D3-BF4B-00C04F79EFBC}") = "HHUDTool", "HHUDTool\HHUDTool.csproj", "{7F17E403-C67F-4AAA-9011-87B7272935CC}"
EndProject
Project("{FAE04EC0-301F-11D3-BF4B-00C04F79EFBC}") = "HTool", "HTool\HTool.csproj", "{608D3D89-AF21-4AF7-83BE-E48C0E86D43D}"
EndProject
Global
	GlobalSection(SolutionConfigurationPlatforms) = preSolution
		Debug|Any CPU = Debug|Any CPU
		Debug|x64 = Debug|x64
		Debug|x86 = Debug|x86
		Release|Any CPU = Release|Any CPU
		Release|x64 = Release|x64
		Release|x86 = Release|x86
	EndGlobalSection
	GlobalSection(ProjectConfigurationPlatforms) = postSolution
		{93857268-08F0-4612-8A00-957496B2A872}.Debug|Any CPU.ActiveCfg = Debug|Any CPU
		{93857268-08F0-4612-8A00-957496B2A872}.Debug|Any CPU.Build.0 = Debug|Any CPU
		{93857268-08F0-4612-8A00-957496B2A872}.Debug|x64.ActiveCfg = Debug|Any CPU
		{93857268-08F0-4612-8A00-957496B2A872}.Debug|x64.Build.0 = Debug|Any CPU
		{93857268-08F0-4612-8A00-957496B2A872}.Debug|x86.ActiveCfg = Debug|Any CPU
		{93857268-08F0-4612-8A00-957496B2A872}.Debug|x86.Build.0 = Debug|Any CPU
		{93857268-08F0-4612-8A00-957496B2A872}.Release|Any CPU.ActiveCfg = Release|Any CPU
		{93857268-08F0-4612-8A00-957496B2A872}.Release|Any CPU.Build.0 = Release|Any CPU
		{93857268-08F0-4612-8A00-957496B2A872}.Release|x64.ActiveCfg = Release|Any CPU
		{93857268-08F0-4612-8A00-957496B2A872}.Release|x64.Build.0 = Release|Any CPU
		{93857268-08F0-4612-8A00-957496B2A872}.Release|x86.ActiveCfg = Release|Any CPU
		{93857268-08F0-4612-8A00-957496B2A872}.Release|x86.Build.0 = Release|Any CPU
		{FBEF0024-C416-41D6-8D39-103EE7D094DC}.Debug|Any CPU.ActiveCfg = Debug|Any CPU
		{FBEF0024-C416-41D6-8D39-103EE7D094DC}.Debug|Any CPU.Build.0 = Debug|Any CPU
		{FBEF0024-C416-41D6-8D39-103EE7D094DC}.Debug|x64.ActiveCfg = Debug|Any CPU
		{FBEF0024-C416-41D6-8D39-103EE7D094DC}.Debug|x64.Build.0 = Debug|Any CPU
		{FBEF0024-C416-41D6-8D39-103EE7D094DC}.Debug|x86.ActiveCfg = Debug|x86
		{FBEF0024-C416-41D6-8D39-103EE7D094DC}.Debug|x86.Build.0 = Debug|x86
		{FBEF0024-C416-41D6-8D39-103EE7D094DC}.Release|Any CPU.ActiveCfg = Release|Any CPU
		{FBEF0024-C416-41D6-8D39-103EE7D094DC}.Release|Any CPU.Build.0 = Release|Any CPU
		{FBEF0024-C416-41D6-8D39-103EE7D094DC}.Release|x64.ActiveCfg = Release|Any CPU
		{FBEF0024-C416-41D6-8D39-103EE7D094DC}.Release|x64.Build.0 = Release|Any CPU
		{FBEF0024-C416-41D6-8D39-103EE7D094DC}.Release|x86.ActiveCfg = Release|x86
		{FBEF0024-C416-41D6-8D39-103EE7D094DC}.Release|x86.Build.0 = Release|x86
		{3EAFC9F5-D49F-4F9F-86C8-FBD231B07D2E}.Debug|Any CPU.ActiveCfg = Debug|Any CPU
		{3EAFC9F5-D49F-4F9F-86C8-FBD231B07D2E}.Debug|Any CPU.Build.0 = Debug|Any CPU
		{3EAFC9F5-D49F-4F9F-86C8-FBD231B07D2E}.Debug|x64.ActiveCfg = Debug|Any CPU
		{3EAFC9F5-D49F-4F9F-86C8-FBD231B07D2E}.Debug|x64.Build.0 = Debug|Any CPU
		{3EAFC9F5-D49F-4F9F-86C8-FBD231B07D2E}.Debug|x86.ActiveCfg = Debug|Any CPU
		{3EAFC9F5-D49F-4F9F-86C8-FBD231B07D2E}.Debug|x86.Build.0 = Debug|Any CPU
		{3EAFC9F5-D49F-4F9F-86C8-FBD231B07D2E}.Release|Any CPU.ActiveCfg = Release|Any CPU
		{3EAFC9F5-D49F-4F9F-86C8-FBD231B07D2E}.Release|Any CPU.Build.0 = Release|Any CPU
		{3EAFC9F5-D49F-4F9F-86C8-FBD231B07D2E}.Release|x64.ActiveCfg = Release|Any CPU
		{3EAFC9F5-D49F-4F9F-86C8-FBD231B07D2E}.Release|x64.Build.0 = Release|Any CPU
		{3EAFC9F5-D49F-4F9F-86C8-FBD231B07D2E}.Release|x86.ActiveCfg = Release|Any CPU
		{3EAFC9F5-D49F-4F9F-86C8-FBD231B07D2E}.Release|x86.Build.0 = Release|Any CPU
		{D4B55ADB-C5B4-4AD7-B346-3C5DDA8FB80A}.Debug|Any CPU.ActiveCfg = Debug|Any CPU
		{D4B55ADB-C5B4-4AD7-B346-3C5DDA8FB80A}.Debug|Any CPU.Build.0 = Debug|Any CPU
		{D4B55ADB-C5B4-4AD7-B346-3C5DDA8FB80A}.Debug|x64.ActiveCfg = Debug|x64
		{D4B55ADB-C5B4-4AD7-B346-3C5DDA8FB80A}.Debug|x64.Build.0 = Debug|x64
		{D4B55ADB-C5B4-4AD7-B346-3C5DDA8FB80A}.Debug|x86.ActiveCfg = Debug|Any CPU
		{D4B55ADB-C5B4-4AD7-B346-3C5DDA8FB80A}.Debug|x86.Build.0 = Debug|Any CPU
		{D4B55ADB-C5B4-4AD7-B346-3C5DDA8FB80A}.Release|Any CPU.ActiveCfg = Release|Any CPU
		{D4B55ADB-C5B4-4AD7-B346-3C5DDA8FB80A}.Release|Any CPU.Build.0 = Release|Any CPU
		{D4B55ADB-C5B4-4AD7-B346-3C5DDA8FB80A}.Release|x64.ActiveCfg = Release|x64
		{D4B55ADB-C5B4-4AD7-B346-3C5DDA8FB80A}.Release|x64.Build.0 = Release|x64
		{D4B55ADB-C5B4-4AD7-B346-3C5DDA8FB80A}.Release|x86.ActiveCfg = Release|Any CPU
		{D4B55ADB-C5B4-4AD7-B346-3C5DDA8FB80A}.Release|x86.Build.0 = Release|Any CPU
		{72D2F3CF-AE8B-47F5-B196-753E09BF9EA0}.Debug|Any CPU.ActiveCfg = Debug|Any CPU
		{72D2F3CF-AE8B-47F5-B196-753E09BF9EA0}.Debug|Any CPU.Build.0 = Debug|Any CPU
		{72D2F3CF-AE8B-47F5-B196-753E09BF9EA0}.Debug|x64.ActiveCfg = Debug|Any CPU
		{72D2F3CF-AE8B-47F5-B196-753E09BF9EA0}.Debug|x64.Build.0 = Debug|Any CPU
		{72D2F3CF-AE8B-47F5-B196-753E09BF9EA0}.Debug|x86.ActiveCfg = Debug|Any CPU
		{72D2F3CF-AE8B-47F5-B196-753E09BF9EA0}.Debug|x86.Build.0 = Debug|Any CPU
		{72D2F3CF-AE8B-47F5-B196-753E09BF9EA0}.Release|Any CPU.ActiveCfg = Release|Any CPU
		{72D2F3CF-AE8B-47F5-B196-753E09BF9EA0}.Release|Any CPU.Build.0 = Release|Any CPU
		{72D2F3CF-AE8B-47F5-B196-753E09BF9EA0}.Release|x64.ActiveCfg = Release|Any CPU
		{72D2F3CF-AE8B-47F5-B196-753E09BF9EA0}.Release|x64.Build.0 = Release|Any CPU
		{72D2F3CF-AE8B-47F5-B196-753E09BF9EA0}.Release|x86.ActiveCfg = Release|Any CPU
		{72D2F3CF-AE8B-47F5-B196-753E09BF9EA0}.Release|x86.Build.0 = Release|Any CPU
		{B8713365-7F9D-4755-B464-AFF76074907C}.Debug|Any CPU.ActiveCfg = Debug|Any CPU
		{B8713365-7F9D-4755-B464-AFF76074907C}.Debug|Any CPU.Build.0 = Debug|Any CPU
		{B8713365-7F9D-4755-B464-AFF76074907C}.Debug|x64.ActiveCfg = Debug|Any CPU
		{B8713365-7F9D-4755-B464-AFF76074907C}.Debug|x64.Build.0 = Debug|Any CPU
		{B8713365-7F9D-4755-B464-AFF76074907C}.Debug|x86.ActiveCfg = Debug|Any CPU
		{B8713365-7F9D-4755-B464-AFF76074907C}.Debug|x86.Build.0 = Debug|Any CPU
		{B8713365-7F9D-4755-B464-AFF76074907C}.Release|Any CPU.ActiveCfg = Release|Any CPU
		{B8713365-7F9D-4755-B464-AFF76074907C}.Release|Any CPU.Build.0 = Release|Any CPU
		{B8713365-7F9D-4755-B464-AFF76074907C}.Release|x64.ActiveCfg = Release|Any CPU
		{B8713365-7F9D-4755-B464-AFF76074907C}.Release|x64.Build.0 = Release|Any CPU
		{B8713365-7F9D-4755-B464-AFF76074907C}.Release|x86.ActiveCfg = Release|Any CPU
		{B8713365-7F9D-4755-B464-AFF76074907C}.Release|x86.Build.0 = Release|Any CPU
		{C80054FB-3F85-41A3-B5C0-DF2BB6F74444}.Debug|Any CPU.ActiveCfg = Debug|Any CPU
		{C80054FB-3F85-41A3-B5C0-DF2BB6F74444}.Debug|Any CPU.Build.0 = Debug|Any CPU
		{C80054FB-3F85-41A3-B5C0-DF2BB6F74444}.Debug|x64.ActiveCfg = Debug|Any CPU
		{C80054FB-3F85-41A3-B5C0-DF2BB6F74444}.Debug|x64.Build.0 = Debug|Any CPU
		{C80054FB-3F85-41A3-B5C0-DF2BB6F74444}.Debug|x86.ActiveCfg = Debug|Any CPU
		{C80054FB-3F85-41A3-B5C0-DF2BB6F74444}.Debug|x86.Build.0 = Debug|Any CPU
		{C80054FB-3F85-41A3-B5C0-DF2BB6F74444}.Release|Any CPU.ActiveCfg = Release|Any CPU
		{C80054FB-3F85-41A3-B5C0-DF2BB6F74444}.Release|Any CPU.Build.0 = Release|Any CPU
		{C80054FB-3F85-41A3-B5C0-DF2BB6F74444}.Release|x64.ActiveCfg = Release|Any CPU
		{C80054FB-3F85-41A3-B5C0-DF2BB6F74444}.Release|x64.Build.0 = Release|Any CPU
		{C80054FB-3F85-41A3-B5C0-DF2BB6F74444}.Release|x86.ActiveCfg = Release|Any CPU
		{C80054FB-3F85-41A3-B5C0-DF2BB6F74444}.Release|x86.Build.0 = Release|Any CPU
		{ABF568E2-2F3F-496F-9C7C-62BADD2DD435}.Debug|Any CPU.ActiveCfg = Debug|Any CPU
		{ABF568E2-2F3F-496F-9C7C-62BADD2DD435}.Debug|Any CPU.Build.0 = Debug|Any CPU
		{ABF568E2-2F3F-496F-9C7C-62BADD2DD435}.Debug|x64.ActiveCfg = Debug|Any CPU
		{ABF568E2-2F3F-496F-9C7C-62BADD2DD435}.Debug|x64.Build.0 = Debug|Any CPU
		{ABF568E2-2F3F-496F-9C7C-62BADD2DD435}.Debug|x86.ActiveCfg = Debug|Any CPU
		{ABF568E2-2F3F-496F-9C7C-62BADD2DD435}.Debug|x86.Build.0 = Debug|Any CPU
		{ABF568E2-2F3F-496F-9C7C-62BADD2DD435}.Release|Any CPU.ActiveCfg = Release|Any CPU
		{ABF568E2-2F3F-496F-9C7C-62BADD2DD435}.Release|Any CPU.Build.0 = Release|Any CPU
		{ABF568E2-2F3F-496F-9C7C-62BADD2DD435}.Release|x64.ActiveCfg = Release|Any CPU
		{ABF568E2-2F3F-496F-9C7C-62BADD2DD435}.Release|x64.Build.0 = Release|Any CPU
		{ABF568E2-2F3F-496F-9C7C-62BADD2DD435}.Release|x86.ActiveCfg = Release|Any CPU
		{ABF568E2-2F3F-496F-9C7C-62BADD2DD435}.Release|x86.Build.0 = Release|Any CPU
		{97D7E0E4-76F9-4578-BA37-3629FBAF12E5}.Debug|Any CPU.ActiveCfg = Debug|Any CPU
		{97D7E0E4-76F9-4578-BA37-3629FBAF12E5}.Debug|Any CPU.Build.0 = Debug|Any CPU
		{97D7E0E4-76F9-4578-BA37-3629FBAF12E5}.Debug|x64.ActiveCfg = Debug|Any CPU
		{97D7E0E4-76F9-4578-BA37-3629FBAF12E5}.Debug|x64.Build.0 = Debug|Any CPU
		{97D7E0E4-76F9-4578-BA37-3629FBAF12E5}.Debug|x86.ActiveCfg = Debug|Any CPU
		{97D7E0E4-76F9-4578-BA37-3629FBAF12E5}.Debug|x86.Build.0 = Debug|Any CPU
		{97D7E0E4-76F9-4578-BA37-3629FBAF12E5}.Release|Any CPU.ActiveCfg = Release|Any CPU
		{97D7E0E4-76F9-4578-BA37-3629FBAF12E5}.Release|Any CPU.Build.0 = Release|Any CPU
		{97D7E0E4-76F9-4578-BA37-3629FBAF12E5}.Release|x64.ActiveCfg = Release|Any CPU
		{97D7E0E4-76F9-4578-BA37-3629FBAF12E5}.Release|x64.Build.0 = Release|Any CPU
		{97D7E0E4-76F9-4578-BA37-3629FBAF12E5}.Release|x86.ActiveCfg = Release|Any CPU
		{97D7E0E4-76F9-4578-BA37-3629FBAF12E5}.Release|x86.Build.0 = Release|Any CPU
		{7F17E403-C67F-4AAA-9011-87B7272935CC}.Debug|Any CPU.ActiveCfg = Debug|Any CPU
		{7F17E403-C67F-4AAA-9011-87B7272935CC}.Debug|Any CPU.Build.0 = Debug|Any CPU
		{7F17E403-C67F-4AAA-9011-87B7272935CC}.Debug|x64.ActiveCfg = Debug|Any CPU
		{7F17E403-C67F-4AAA-9011-87B7272935CC}.Debug|x64.Build.0 = Debug|Any CPU
		{7F17E403-C67F-4AAA-9011-87B7272935CC}.Debug|x86.ActiveCfg = Debug|Any CPU
		{7F17E403-C67F-4AAA-9011-87B7272935CC}.Debug|x86.Build.0 = Debug|Any CPU
		{7F17E403-C67F-4AAA-9011-87B7272935CC}.Release|Any CPU.ActiveCfg = Release|Any CPU
		{7F17E403-C67F-4AAA-9011-87B7272935CC}.Release|Any CPU.Build.0 = Release|Any CPU
		{7F17E403-C67F-4AAA-9011-87B7272935CC}.Release|x64.ActiveCfg = Release|Any CPU
		{7F17E403-C67F-4AAA-9011-87B7272935CC}.Release|x64.Build.0 = Release|Any CPU
		{7F17E403-C67F-4AAA-9011-87B7272935CC}.Release|x86.ActiveCfg = Release|Any CPU
		{7F17E403-C67F-4AAA-9011-87B7272935CC}.Release|x86.Build.0 = Release|Any CPU
		{608D3D89-AF21-4AF7-83BE-E48C0E86D43D}.Debug|Any CPU.ActiveCfg = Debug|Any CPU
		{608D3D89-AF21-4AF7-83BE-E48C0E86D43D}.Debug|Any CPU.Build.0 = Debug|Any CPU
		{608D3D89-AF21-4AF7-83BE-E48C0E86D43D}.Debug|x64.ActiveCfg = Debug|Any CPU
		{608D3D89-AF21-4AF7-83BE-E48C0E86D43D}.Debug|x64.Build.0 = Debug|Any CPU
		{608D3D89-AF21-4AF7-83BE-E48C0E86D43D}.Debug|x86.ActiveCfg = Debug|Any CPU
		{608D3D89-AF21-4AF7-83BE-E48C0E86D43D}.Debug|x86.Build.0 = Debug|Any CPU
		{608D3D89-AF21-4AF7-83BE-E48C0E86D43D}.Release|Any CPU.ActiveCfg = Release|Any CPU
		{608D3D89-AF21-4AF7-83BE-E48C0E86D43D}.Release|Any CPU.Build.0 = Release|Any CPU
		{608D3D89-AF21-4AF7-83BE-E48C0E86D43D}.Release|x64.ActiveCfg = Release|Any CPU
		{608D3D89-AF21-4AF7-83BE-E48C0E86D43D}.Release|x64.Build.0 = Release|Any CPU
		{608D3D89-AF21-4AF7-83BE-E48C0E86D43D}.Release|x86.ActiveCfg = Release|Any CPU
		{608D3D89-AF21-4AF7-83BE-E48C0E86D43D}.Release|x86.Build.0 = Release|Any CPU
	EndGlobalSection
	GlobalSection(SolutionProperties) = preSolution
		HideSolutionNode = FALSE
	EndGlobalSection
	GlobalSection(ExtensibilityGlobals) = postSolution
		SolutionGuid = {27173200-8BDF-4A27-811B-0CF6F969F7C4}
	EndGlobalSection
EndGlobal
